
Microsoft Visual Studio Solution File, Format Version 12.00
# Visual Studio Version 16
VisualStudioVersion = 16.0.30114.105
MinimumVisualStudioVersion = 10.0.40219.1
Project("{9A19103F-16F7-4668-BE54-9A1E7A4F7556}") = "OktaAPIMCore", "OktaAPIMCore\OktaAPIMCore.csproj", "{29BB30EF-DAB6-4A2A-A134-B5972CD32A09}"
EndProject
Project("{9A19103F-16F7-4668-BE54-9A1E7A4F7556}") = "OktaAPIMConsole", "OktaAPIMConsole\OktaAPIMConsole.csproj", "{94BCC3F0-9770-4EDC-8E7E-87346729E64F}"
EndProject
Global
	GlobalSection(SolutionConfigurationPlatforms) = preSolution
		Debug|Any CPU = Debug|Any CPU
		Release|Any CPU = Release|Any CPU
	EndGlobalSection
	GlobalSection(ProjectConfigurationPlatforms) = postSolution
		{29BB30EF-DAB6-4A2A-A134-B5972CD32A09}.Debug|Any CPU.ActiveCfg = Debug|Any CPU
		{29BB30EF-DAB6-4A2A-A134-B5972CD32A09}.Debug|Any CPU.Build.0 = Debug|Any CPU
		{29BB30EF-DAB6-4A2A-A134-B5972CD32A09}.Release|Any CPU.ActiveCfg = Release|Any CPU
		{29BB30EF-DAB6-4A2A-A134-B5972CD32A09}.Release|Any CPU.Build.0 = Release|Any CPU
		{94BCC3F0-9770-4EDC-8E7E-87346729E64F}.Debug|Any CPU.ActiveCfg = Debug|Any CPU
		{94BCC3F0-9770-4EDC-8E7E-87346729E64F}.Debug|Any CPU.Build.0 = Debug|Any CPU
		{94BCC3F0-9770-4EDC-8E7E-87346729E64F}.Release|Any CPU.ActiveCfg = Release|Any CPU
		{94BCC3F0-9770-4EDC-8E7E-87346729E64F}.Release|Any CPU.Build.0 = Release|Any CPU
	EndGlobalSection
	GlobalSection(SolutionProperties) = preSolution
		HideSolutionNode = FALSE
	EndGlobalSection
	GlobalSection(ExtensibilityGlobals) = postSolution
		SolutionGuid = {28E9AC7D-D015-4E7E-ACE9-4D416B23EA07}
	EndGlobalSection
EndGlobal
